
Microsoft Visual Studio Solution File, Format Version 12.00
# Visual Studio Version 16
VisualStudioVersion = 16.0.33130.400
MinimumVisualStudioVersion = 10.0.40219.1
Project("{FAE04EC0-301F-11D3-BF4B-00C04F79EFBC}") = "WeatherProject.Android", "WeatherProject\WeatherProject.Android\WeatherProject.Android.csproj", "{D5FBB71E-EF81-4275-A0AD-A09EF36BB5CF}"
EndProject
Project("{FAE04EC0-301F-11D3-BF4B-00C04F79EFBC}") = "WeatherProject.iOS", "WeatherProject\WeatherProject.iOS\WeatherProject.iOS.csproj", "{809991EB-6D10-4216-A39B-412E4C44F2CC}"
EndProject
Project("{FAE04EC0-301F-11D3-BF4B-00C04F79EFBC}") = "WeatherProject", "WeatherProject\WeatherProject\WeatherProject.csproj", "{F57C49A8-D877-410F-91DC-56C1ED167AA6}"
EndProject
Global
	GlobalSection(SolutionConfigurationPlatforms) = preSolution
		Debug|Any CPU = Debug|Any CPU
		Debug|iPhone = Debug|iPhone
		Debug|iPhoneSimulator = Debug|iPhoneSimulator
		Release|Any CPU = Release|Any CPU
		Release|iPhone = Release|iPhone
		Release|iPhoneSimulator = Release|iPhoneSimulator
	EndGlobalSection
	GlobalSection(ProjectConfigurationPlatforms) = postSolution
		{D5FBB71E-EF81-4275-A0AD-A09EF36BB5CF}.Debug|Any CPU.ActiveCfg = Debug|Any CPU
		{D5FBB71E-EF81-4275-A0AD-A09EF36BB5CF}.Debug|Any CPU.Build.0 = Debug|Any CPU
		{D5FBB71E-EF81-4275-A0AD-A09EF36BB5CF}.Debug|Any CPU.Deploy.0 = Debug|Any CPU
		{D5FBB71E-EF81-4275-A0AD-A09EF36BB5CF}.Debug|iPhone.ActiveCfg = Debug|Any CPU
		{D5FBB71E-EF81-4275-A0AD-A09EF36BB5CF}.Debug|iPhone.Build.0 = Debug|Any CPU
		{D5FBB71E-EF81-4275-A0AD-A09EF36BB5CF}.Debug|iPhone.Deploy.0 = Debug|Any CPU
		{D5FBB71E-EF81-4275-A0AD-A09EF36BB5CF}.Debug|iPhoneSimulator.ActiveCfg = Debug|Any CPU
		{D5FBB71E-EF81-4275-A0AD-A09EF36BB5CF}.Debug|iPhoneSimulator.Build.0 = Debug|Any CPU
		{D5FBB71E-EF81-4275-A0AD-A09EF36BB5CF}.Debug|iPhoneSimulator.Deploy.0 = Debug|Any CPU
		{D5FBB71E-EF81-4275-A0AD-A09EF36BB5CF}.Release|Any CPU.ActiveCfg = Release|Any CPU
		{D5FBB71E-EF81-4275-A0AD-A09EF36BB5CF}.Release|Any CPU.Build.0 = Release|Any CPU
		{D5FBB71E-EF81-4275-A0AD-A09EF36BB5CF}.Release|Any CPU.Deploy.0 = Release|Any CPU
		{D5FBB71E-EF81-4275-A0AD-A09EF36BB5CF}.Release|iPhone.ActiveCfg = Release|Any CPU
		{D5FBB71E-EF81-4275-A0AD-A09EF36BB5CF}.Release|iPhone.Build.0 = Release|Any CPU
		{D5FBB71E-EF81-4275-A0AD-A09EF36BB5CF}.Release|iPhone.Deploy.0 = Release|Any CPU
		{D5FBB71E-EF81-4275-A0AD-A09EF36BB5CF}.Release|iPhoneSimulator.ActiveCfg = Release|Any CPU
		{D5FBB71E-EF81-4275-A0AD-A09EF36BB5CF}.Release|iPhoneSimulator.Build.0 = Release|Any CPU
		{D5FBB71E-EF81-4275-A0AD-A09EF36BB5CF}.Release|iPhoneSimulator.Deploy.0 = Release|Any CPU
		{809991EB-6D10-4216-A39B-412E4C44F2CC}.Debug|Any CPU.ActiveCfg = Debug|iPhone
		{809991EB-6D10-4216-A39B-412E4C44F2CC}.Debug|Any CPU.Build.0 = Debug|iPhone
		{809991EB-6D10-4216-A39B-412E4C44F2CC}.Debug|Any CPU.Deploy.0 = Debug|iPhone
		{809991EB-6D10-4216-A39B-412E4C44F2CC}.Debug|iPhone.ActiveCfg = Debug|iPhone
		{809991EB-6D10-4216-A39B-412E4C44F2CC}.Debug|iPhone.Build.0 = Debug|iPhone
		{809991EB-6D10-4216-A39B-412E4C44F2CC}.Debug|iPhone.Deploy.0 = Debug|iPhone
		{809991EB-6D10-4216-A39B-412E4C44F2CC}.Debug|iPhoneSimulator.ActiveCfg = Debug|iPhoneSimulator
		{809991EB-6D10-4216-A39B-412E4C44F2CC}.Debug|iPhoneSimulator.Build.0 = Debug|iPhoneSimulator
		{809991EB-6D10-4216-A39B-412E4C44F2CC}.Debug|iPhoneSimulator.Deploy.0 = Debug|iPhoneSimulator
		{809991EB-6D10-4216-A39B-412E4C44F2CC}.Release|Any CPU.ActiveCfg = Release|iPhoneSimulator
		{809991EB-6D10-4216-A39B-412E4C44F2CC}.Release|Any CPU.Build.0 = Release|iPhoneSimulator
		{809991EB-6D10-4216-A39B-412E4C44F2CC}.Release|Any CPU.Deploy.0 = Release|iPhoneSimulator
		{809991EB-6D10-4216-A39B-412E4C44F2CC}.Release|iPhone.ActiveCfg = Release|iPhone
		{809991EB-6D10-4216-A39B-412E4C44F2CC}.Release|iPhone.Build.0 = Release|iPhone
		{809991EB-6D10-4216-A39B-412E4C44F2CC}.Release|iPhone.Deploy.0 = Release|iPhone
		{809991EB-6D10-4216-A39B-412E4C44F2CC}.Release|iPhoneSimulator.ActiveCfg = Release|iPhoneSimulator
		{809991EB-6D10-4216-A39B-412E4C44F2CC}.Release|iPhoneSimulator.Build.0 = Release|iPhoneSimulator
		{809991EB-6D10-4216-A39B-412E4C44F2CC}.Release|iPhoneSimulator.Deploy.0 = Release|iPhoneSimulator
		{F57C49A8-D877-410F-91DC-56C1ED167AA6}.Debug|Any CPU.ActiveCfg = Debug|Any CPU
		{F57C49A8-D877-410F-91DC-56C1ED167AA6}.Debug|Any CPU.Build.0 = Debug|Any CPU
		{F57C49A8-D877-410F-91DC-56C1ED167AA6}.Debug|Any CPU.Deploy.0 = Debug|Any CPU
		{F57C49A8-D877-410F-91DC-56C1ED167AA6}.Debug|iPhone.ActiveCfg = Debug|Any CPU
		{F57C49A8-D877-410F-91DC-56C1ED167AA6}.Debug|iPhone.Build.0 = Debug|Any CPU
		{F57C49A8-D877-410F-91DC-56C1ED167AA6}.Debug|iPhone.Deploy.0 = Debug|Any CPU
		{F57C49A8-D877-410F-91DC-56C1ED167AA6}.Debug|iPhoneSimulator.ActiveCfg = Debug|Any CPU
		{F57C49A8-D877-410F-91DC-56C1ED167AA6}.Debug|iPhoneSimulator.Build.0 = Debug|Any CPU
		{F57C49A8-D877-410F-91DC-56C1ED167AA6}.Debug|iPhoneSimulator.Deploy.0 = Debug|Any CPU
		{F57C49A8-D877-410F-91DC-56C1ED167AA6}.Release|Any CPU.ActiveCfg = Release|Any CPU
		{F57C49A8-D877-410F-91DC-56C1ED167AA6}.Release|Any CPU.Build.0 = Release|Any CPU
		{F57C49A8-D877-410F-91DC-56C1ED167AA6}.Release|Any CPU.Deploy.0 = Release|Any CPU
		{F57C49A8-D877-410F-91DC-56C1ED167AA6}.Release|iPhone.ActiveCfg = Release|Any CPU
		{F57C49A8-D877-410F-91DC-56C1ED167AA6}.Release|iPhone.Build.0 = Release|Any CPU
		{F57C49A8-D877-410F-91DC-56C1ED167AA6}.Release|iPhone.Deploy.0 = Release|Any CPU
		{F57C49A8-D877-410F-91DC-56C1ED167AA6}.Release|iPhoneSimulator.ActiveCfg = Release|Any CPU
		{F57C49A8-D877-410F-91DC-56C1ED167AA6}.Release|iPhoneSimulator.Build.0 = Release|Any CPU
		{F57C49A8-D877-410F-91DC-56C1ED167AA6}.Release|iPhoneSimulator.Deploy.0 = Release|Any CPU
	EndGlobalSection
	GlobalSection(SolutionProperties) = preSolution
		HideSolutionNode = FALSE
	EndGlobalSection
	GlobalSection(ExtensibilityGlobals) = postSolution
		SolutionGuid = {AA01CB7F-C748-4A10-9EDE-1C94B6AB1E28}
	EndGlobalSection
EndGlobal
